
Microsoft Visual Studio Solution File, Format Version 12.00
Project("{FAE04EC0-301F-11D3-BF4B-00C04F79EFBC}") = "Business", "Business\Business.csproj", "{21D6ADCF-8809-48CC-B6CE-66217E02D23B}"
EndProject
Project("{FAE04EC0-301F-11D3-BF4B-00C04F79EFBC}") = "Presentation_ConsoleApp", "Presentation_ConsoleApp\Presentation_ConsoleApp.csproj", "{6A931941-5447-4729-B8D0-BA17A1B75E61}"
EndProject
Project("{FAE04EC0-301F-11D3-BF4B-00C04F79EFBC}") = "Tests", "Tests\Tests.csproj", "{D253F0FC-E368-4582-9D44-CD8DB40EC8FA}"
EndProject
Global
	GlobalSection(SolutionConfigurationPlatforms) = preSolution
		Debug|Any CPU = Debug|Any CPU
		Release|Any CPU = Release|Any CPU
	EndGlobalSection
	GlobalSection(ProjectConfigurationPlatforms) = postSolution
		{21D6ADCF-8809-48CC-B6CE-66217E02D23B}.Debug|Any CPU.ActiveCfg = Debug|Any CPU
		{21D6ADCF-8809-48CC-B6CE-66217E02D23B}.Debug|Any CPU.Build.0 = Debug|Any CPU
		{21D6ADCF-8809-48CC-B6CE-66217E02D23B}.Release|Any CPU.ActiveCfg = Release|Any CPU
		{21D6ADCF-8809-48CC-B6CE-66217E02D23B}.Release|Any CPU.Build.0 = Release|Any CPU
		{6A931941-5447-4729-B8D0-BA17A1B75E61}.Debug|Any CPU.ActiveCfg = Debug|Any CPU
		{6A931941-5447-4729-B8D0-BA17A1B75E61}.Debug|Any CPU.Build.0 = Debug|Any CPU
		{6A931941-5447-4729-B8D0-BA17A1B75E61}.Release|Any CPU.ActiveCfg = Release|Any CPU
		{6A931941-5447-4729-B8D0-BA17A1B75E61}.Release|Any CPU.Build.0 = Release|Any CPU
		{D253F0FC-E368-4582-9D44-CD8DB40EC8FA}.Debug|Any CPU.ActiveCfg = Debug|Any CPU
		{D253F0FC-E368-4582-9D44-CD8DB40EC8FA}.Debug|Any CPU.Build.0 = Debug|Any CPU
		{D253F0FC-E368-4582-9D44-CD8DB40EC8FA}.Release|Any CPU.ActiveCfg = Release|Any CPU
		{D253F0FC-E368-4582-9D44-CD8DB40EC8FA}.Release|Any CPU.Build.0 = Release|Any CPU
	EndGlobalSection
EndGlobal
